// !$*UTF8*$!
{
	archiveVersion = 1;
	classes = {
	};
	objectVersion = 56;
	objects = {

/* Begin PBXBuildFile section */
		4C7AB85D29F8CC9500E179FE /* Final_ProjectApp.swift in Sources */ = {isa = PBXBuildFile; fileRef = 4C7AB85C29F8CC9500E179FE /* Final_ProjectApp.swift */; };
		4C7AB85F29F8CC9500E179FE /* ContentView.swift in Sources */ = {isa = PBXBuildFile; fileRef = 4C7AB85E29F8CC9500E179FE /* ContentView.swift */; };
		4C7AB86129F8CC9800E179FE /* Assets.xcassets in Resources */ = {isa = PBXBuildFile; fileRef = 4C7AB86029F8CC9800E179FE /* Assets.xcassets */; };
		4C7AB86429F8CC9800E179FE /* Preview Assets.xcassets in Resources */ = {isa = PBXBuildFile; fileRef = 4C7AB86329F8CC9800E179FE /* Preview Assets.xcassets */; };
		4C7AB86C29F8D1DE00E179FE /* PrimaryButton.swift in Sources */ = {isa = PBXBuildFile; fileRef = 4C7AB86B29F8D1DE00E179FE /* PrimaryButton.swift */; };
		4C7AB86F29F8D4F900E179FE /* Extensions.swift in Sources */ = {isa = PBXBuildFile; fileRef = 4C7AB86E29F8D4F900E179FE /* Extensions.swift */; };
		4C7AB87129F8D5A200E179FE /* QuestionView.swift in Sources */ = {isa = PBXBuildFile; fileRef = 4C7AB87029F8D5A200E179FE /* QuestionView.swift */; };
		4C7AB87329F8D6BF00E179FE /* ProgressBar.swift in Sources */ = {isa = PBXBuildFile; fileRef = 4C7AB87229F8D6BF00E179FE /* ProgressBar.swift */; };
		4C7AB87629F8D9BE00E179FE /* Answer.swift in Sources */ = {isa = PBXBuildFile; fileRef = 4C7AB87529F8D9BE00E179FE /* Answer.swift */; };
		4C7AB87829F8DA1500E179FE /* AnswerRow.swift in Sources */ = {isa = PBXBuildFile; fileRef = 4C7AB87729F8DA1500E179FE /* AnswerRow.swift */; };
		4CD67AC329F8E088004F7009 /* TriviaView.swift in Sources */ = {isa = PBXBuildFile; fileRef = 4CD67AC229F8E088004F7009 /* TriviaView.swift */; };
		4CD67AC529F8E400004F7009 /* Trivia.swift in Sources */ = {isa = PBXBuildFile; fileRef = 4CD67AC429F8E400004F7009 /* Trivia.swift */; };
		4CD67AC729F8E6F8004F7009 /* TriviaManager.swift in Sources */ = {isa = PBXBuildFile; fileRef = 4CD67AC629F8E6F8004F7009 /* TriviaManager.swift */; };
/* End PBXBuildFile section */

/* Begin PBXFileReference section */
		4C7AB85929F8CC9500E179FE /* Final_Project.app */ = {isa = PBXFileReference; explicitFileType = wrapper.application; includeInIndex = 0; path = Final_Project.app; sourceTree = BUILT_PRODUCTS_DIR; };
		4C7AB85C29F8CC9500E179FE /* Final_ProjectApp.swift */ = {isa = PBXFileReference; lastKnownFileType = sourcecode.swift; path = Final_ProjectApp.swift; sourceTree = "<group>"; };
		4C7AB85E29F8CC9500E179FE /* ContentView.swift */ = {isa = PBXFileReference; lastKnownFileType = sourcecode.swift; path = ContentView.swift; sourceTree = "<group>"; };
		4C7AB86029F8CC9800E179FE /* Assets.xcassets */ = {isa = PBXFileReference; lastKnownFileType = folder.assetcatalog; path = Assets.xcassets; sourceTree = "<group>"; };
		4C7AB86329F8CC9800E179FE /* Preview Assets.xcassets */ = {isa = PBXFileReference; lastKnownFileType = folder.assetcatalog; path = "Preview Assets.xcassets"; sourceTree = "<group>"; };
		4C7AB86B29F8D1DE00E179FE /* PrimaryButton.swift */ = {isa = PBXFileReference; lastKnownFileType = sourcecode.swift; path = PrimaryButton.swift; sourceTree = "<group>"; };
		4C7AB86E29F8D4F900E179FE /* Extensions.swift */ = {isa = PBXFileReference; lastKnownFileType = sourcecode.swift; path = Extensions.swift; sourceTree = "<group>"; };
		4C7AB87029F8D5A200E179FE /* QuestionView.swift */ = {isa = PBXFileReference; lastKnownFileType = sourcecode.swift; path = QuestionView.swift; sourceTree = "<group>"; };
		4C7AB87229F8D6BF00E179FE /* ProgressBar.swift */ = {isa = PBXFileReference; lastKnownFileType = sourcecode.swift; path = ProgressBar.swift; sourceTree = "<group>"; };
		4C7AB87529F8D9BE00E179FE /* Answer.swift */ = {isa = PBXFileReference; lastKnownFileType = sourcecode.swift; path = Answer.swift; sourceTree = "<group>"; };
		4C7AB87729F8DA1500E179FE /* AnswerRow.swift */ = {isa = PBXFileReference; lastKnownFileType = sourcecode.swift; path = AnswerRow.swift; sourceTree = "<group>"; };
		4CD67AC229F8E088004F7009 /* TriviaView.swift */ = {isa = PBXFileReference; lastKnownFileType = sourcecode.swift; path = TriviaView.swift; sourceTree = "<group>"; };
		4CD67AC429F8E400004F7009 /* Trivia.swift */ = {isa = PBXFileReference; lastKnownFileType = sourcecode.swift; path = Trivia.swift; sourceTree = "<group>"; };
		4CD67AC629F8E6F8004F7009 /* TriviaManager.swift */ = {isa = PBXFileReference; lastKnownFileType = sourcecode.swift; path = TriviaManager.swift; sourceTree = "<group>"; };
/* End PBXFileReference section */

/* Begin PBXFrameworksBuildPhase section */
		4C7AB85629F8CC9500E179FE /* Frameworks */ = {
			isa = PBXFrameworksBuildPhase;
			buildActionMask = 2147483647;
			files = (
			);
			runOnlyForDeploymentPostprocessing = 0;
		};
/* End PBXFrameworksBuildPhase section */

/* Begin PBXGroup section */
		4C7AB85029F8CC9500E179FE = {
			isa = PBXGroup;
			children = (
				4C7AB85B29F8CC9500E179FE /* Final_Project */,
				4C7AB85A29F8CC9500E179FE /* Products */,
			);
			sourceTree = "<group>";
		};
		4C7AB85A29F8CC9500E179FE /* Products */ = {
			isa = PBXGroup;
			children = (
				4C7AB85929F8CC9500E179FE /* Final_Project.app */,
			);
			name = Products;
			sourceTree = "<group>";
		};
		4C7AB85B29F8CC9500E179FE /* Final_Project */ = {
			isa = PBXGroup;
			children = (
				4C7AB85C29F8CC9500E179FE /* Final_ProjectApp.swift */,
				4C7AB86E29F8D4F900E179FE /* Extensions.swift */,
				4C7AB86D29F8D29600E179FE /* Views */,
				4C7AB86A29F8D1B100E179FE /* Components */,
				4C7AB87429F8D9A800E179FE /* Models */,
				4C7AB86029F8CC9800E179FE /* Assets.xcassets */,
				4C7AB86229F8CC9800E179FE /* Preview Content */,
				4CD67AC629F8E6F8004F7009 /* TriviaManager.swift */,
			);
			path = Final_Project;
			sourceTree = "<group>";
		};
		4C7AB86229F8CC9800E179FE /* Preview Content */ = {
			isa = PBXGroup;
			children = (
				4C7AB86329F8CC9800E179FE /* Preview Assets.xcassets */,
			);
			path = "Preview Content";
			sourceTree = "<group>";
		};
		4C7AB86A29F8D1B100E179FE /* Components */ = {
			isa = PBXGroup;
			children = (
				4C7AB86B29F8D1DE00E179FE /* PrimaryButton.swift */,
				4C7AB87229F8D6BF00E179FE /* ProgressBar.swift */,
				4C7AB87729F8DA1500E179FE /* AnswerRow.swift */,
			);
			path = Components;
			sourceTree = "<group>";
		};
		4C7AB86D29F8D29600E179FE /* Views */ = {
			isa = PBXGroup;
			children = (
				4C7AB85E29F8CC9500E179FE /* ContentView.swift */,
				4C7AB87029F8D5A200E179FE /* QuestionView.swift */,
				4CD67AC229F8E088004F7009 /* TriviaView.swift */,
			);
			path = Views;
			sourceTree = "<group>";
		};
		4C7AB87429F8D9A800E179FE /* Models */ = {
			isa = PBXGroup;
			children = (
				4C7AB87529F8D9BE00E179FE /* Answer.swift */,
				4CD67AC429F8E400004F7009 /* Trivia.swift */,
			);
			path = Models;
			sourceTree = "<group>";
		};
/* End PBXGroup section */

/* Begin PBXNativeTarget section */
		4C7AB85829F8CC9500E179FE /* Final_Project */ = {
			isa = PBXNativeTarget;
			buildConfigurationList = 4C7AB86729F8CC9800E179FE /* Build configuration list for PBXNativeTarget "Final_Project" */;
			buildPhases = (
				4C7AB85529F8CC9500E179FE /* Sources */,
				4C7AB85629F8CC9500E179FE /* Frameworks */,
				4C7AB85729F8CC9500E179FE /* Resources */,
			);
			buildRules = (
			);
			dependencies = (
			);
			name = Final_Project;
			productName = Final_Project;
			productReference = 4C7AB85929F8CC9500E179FE /* Final_Project.app */;
			productType = "com.apple.product-type.application";
		};
/* End PBXNativeTarget section */

/* Begin PBXProject section */
		4C7AB85129F8CC9500E179FE /* Project object */ = {
			isa = PBXProject;
			attributes = {
				BuildIndependentTargetsInParallel = 1;
				LastSwiftUpdateCheck = 1420;
				LastUpgradeCheck = 1420;
				TargetAttributes = {
					4C7AB85829F8CC9500E179FE = {
						CreatedOnToolsVersion = 14.2;
					};
				};
			};
			buildConfigurationList = 4C7AB85429F8CC9500E179FE /* Build configuration list for PBXProject "Final_Project" */;
			compatibilityVersion = "Xcode 14.0";
			developmentRegion = en;
			hasScannedForEncodings = 0;
			knownRegions = (
				en,
				Base,
			);
			mainGroup = 4C7AB85029F8CC9500E179FE;
			productRefGroup = 4C7AB85A29F8CC9500E179FE /* Products */;
			projectDirPath = "";
			projectRoot = "";
			targets = (
				4C7AB85829F8CC9500E179FE /* Final_Project */,
			);
		};
/* End PBXProject section */

/* Begin PBXResourcesBuildPhase section */
		4C7AB85729F8CC9500E179FE /* Resources */ = {
			isa = PBXResourcesBuildPhase;
			buildActionMask = 2147483647;
			files = (
				4C7AB86429F8CC9800E179FE /* Preview Assets.xcassets in Resources */,
				4C7AB86129F8CC9800E179FE /* Assets.xcassets in Resources */,
			);
			runOnlyForDeploymentPostprocessing = 0;
		};
/* End PBXResourcesBuildPhase section */

/* Begin PBXSourcesBuildPhase section */
		4C7AB85529F8CC9500E179FE /* Sources */ = {
			isa = PBXSourcesBuildPhase;
			buildActionMask = 2147483647;
			files = (
				4C7AB87129F8D5A200E179FE /* QuestionView.swift in Sources */,
				4CD67AC329F8E088004F7009 /* TriviaView.swift in Sources */,
				4CD67AC529F8E400004F7009 /* Trivia.swift in Sources */,
				4C7AB86C29F8D1DE00E179FE /* PrimaryButton.swift in Sources */,
				4CD67AC729F8E6F8004F7009 /* TriviaManager.swift in Sources */,
				4C7AB87829F8DA1500E179FE /* AnswerRow.swift in Sources */,
				4C7AB85F29F8CC9500E179FE /* ContentView.swift in Sources */,
				4C7AB87629F8D9BE00E179FE /* Answer.swift in Sources */,
				4C7AB85D29F8CC9500E179FE /* Final_ProjectApp.swift in Sources */,
				4C7AB87329F8D6BF00E179FE /* ProgressBar.swift in Sources */,
				4C7AB86F29F8D4F900E179FE /* Extensions.swift in Sources */,
			);
			runOnlyForDeploymentPostprocessing = 0;
		};
/* End PBXSourcesBuildPhase section */

/* Begin XCBuildConfiguration section */
		4C7AB86529F8CC9800E179FE /* Debug */ = {
			isa = XCBuildConfiguration;
			buildSettings = {
				ALWAYS_SEARCH_USER_PATHS = NO;
				CLANG_ANALYZER_NONNULL = YES;
				CLANG_ANALYZER_NUMBER_OBJECT_CONVERSION = YES_AGGRESSIVE;
				CLANG_CXX_LANGUAGE_STANDARD = "gnu++20";
				CLANG_ENABLE_MODULES = YES;
				CLANG_ENABLE_OBJC_ARC = YES;
				CLANG_ENABLE_OBJC_WEAK = YES;
				CLANG_WARN_BLOCK_CAPTURE_AUTORELEASING = YES;
				CLANG_WARN_BOOL_CONVERSION = YES;
				CLANG_WARN_COMMA = YES;
				CLANG_WARN_CONSTANT_CONVERSION = YES;
				CLANG_WARN_DEPRECATED_OBJC_IMPLEMENTATIONS = YES;
				CLANG_WARN_DIRECT_OBJC_ISA_USAGE = YES_ERROR;
				CLANG_WARN_DOCUMENTATION_COMMENTS = YES;
				CLANG_WARN_EMPTY_BODY = YES;
				CLANG_WARN_ENUM_CONVERSION = YES;
				CLANG_WARN_INFINITE_RECURSION = YES;
				CLANG_WARN_INT_CONVERSION = YES;
				CLANG_WARN_NON_LITERAL_NULL_CONVERSION = YES;
				CLANG_WARN_OBJC_IMPLICIT_RETAIN_SELF = YES;
				CLANG_WARN_OBJC_LITERAL_CONVERSION = YES;
				CLANG_WARN_OBJC_ROOT_CLASS = YES_ERROR;
				CLANG_WARN_QUOTED_INCLUDE_IN_FRAMEWORK_HEADER = YES;
				CLANG_WARN_RANGE_LOOP_ANALYSIS = YES;
				CLANG_WARN_STRICT_PROTOTYPES = YES;
				CLANG_WARN_SUSPICIOUS_MOVE = YES;
				CLANG_WARN_UNGUARDED_AVAILABILITY = YES_AGGRESSIVE;
				CLANG_WARN_UNREACHABLE_CODE = YES;
				CLANG_WARN__DUPLICATE_METHOD_MATCH = YES;
				COPY_PHASE_STRIP = NO;
				DEBUG_INFORMATION_FORMAT = dwarf;
				ENABLE_STRICT_OBJC_MSGSEND = YES;
				ENABLE_TESTABILITY = YES;
				GCC_C_LANGUAGE_STANDARD = gnu11;
				GCC_DYNAMIC_NO_PIC = NO;
				GCC_NO_COMMON_BLOCKS = YES;
				GCC_OPTIMIZATION_LEVEL = 0;
				GCC_PREPROCESSOR_DEFINITIONS = (
					"DEBUG=1",
					"$(inherited)",
				);
				GCC_WARN_64_TO_32_BIT_CONVERSION = YES;
				GCC_WARN_ABOUT_RETURN_TYPE = YES_ERROR;
				GCC_WARN_UNDECLARED_SELECTOR = YES;
				GCC_WARN_UNINITIALIZED_AUTOS = YES_AGGRESSIVE;
				GCC_WARN_UNUSED_FUNCTION = YES;
				GCC_WARN_UNUSED_VARIABLE = YES;
				IPHONEOS_DEPLOYMENT_TARGET = 16.2;
				MTL_ENABLE_DEBUG_INFO = INCLUDE_SOURCE;
				MTL_FAST_MATH = YES;
				ONLY_ACTIVE_ARCH = YES;
				SDKROOT = iphoneos;
				SWIFT_ACTIVE_COMPILATION_CONDITIONS = DEBUG;
				SWIFT_OPTIMIZATION_LEVEL = "-Onone";
			};
			name = Debug;
		};
		4C7AB86629F8CC9800E179FE /* Release */ = {
			isa = XCBuildConfiguration;
			buildSettings = {
				ALWAYS_SEARCH_USER_PATHS = NO;
				CLANG_ANALYZER_NONNULL = YES;
				CLANG_ANALYZER_NUMBER_OBJECT_CONVERSION = YES_AGGRESSIVE;
				CLANG_CXX_LANGUAGE_STANDARD = "gnu++20";
				CLANG_ENABLE_MODULES = YES;
				CLANG_ENABLE_OBJC_ARC = YES;
				CLANG_ENABLE_OBJC_WEAK = YES;
				CLANG_WARN_BLOCK_CAPTURE_AUTORELEASING = YES;
				CLANG_WARN_BOOL_CONVERSION = YES;
				CLANG_WARN_COMMA = YES;
				CLANG_WARN_CONSTANT_CONVERSION = YES;
				CLANG_WARN_DEPRECATED_OBJC_IMPLEMENTATIONS = YES;
				CLANG_WARN_DIRECT_OBJC_ISA_USAGE = YES_ERROR;
				CLANG_WARN_DOCUMENTATION_COMMENTS = YES;
				CLANG_WARN_EMPTY_BODY = YES;
				CLANG_WARN_ENUM_CONVERSION = YES;
				CLANG_WARN_INFINITE_RECURSION = YES;
				CLANG_WARN_INT_CONVERSION = YES;
				CLANG_WARN_NON_LITERAL_NULL_CONVERSION = YES;
				CLANG_WARN_OBJC_IMPLICIT_RETAIN_SELF = YES;
				CLANG_WARN_OBJC_LITERAL_CONVERSION = YES;
				CLANG_WARN_OBJC_ROOT_CLASS = YES_ERROR;
				CLANG_WARN_QUOTED_INCLUDE_IN_FRAMEWORK_HEADER = YES;
				CLANG_WARN_RANGE_LOOP_ANALYSIS = YES;
				CLANG_WARN_STRICT_PROTOTYPES = YES;
				CLANG_WARN_SUSPICIOUS_MOVE = YES;
				CLANG_WARN_UNGUARDED_AVAILABILITY = YES_AGGRESSIVE;
				CLANG_WARN_UNREACHABLE_CODE = YES;
				CLANG_WARN__DUPLICATE_METHOD_MATCH = YES;
				COPY_PHASE_STRIP = NO;
				DEBUG_INFORMATION_FORMAT = "dwarf-with-dsym";
				ENABLE_NS_ASSERTIONS = NO;
				ENABLE_STRICT_OBJC_MSGSEND = YES;
				GCC_C_LANGUAGE_STANDARD = gnu11;
				GCC_NO_COMMON_BLOCKS = YES;
				GCC_WARN_64_TO_32_BIT_CONVERSION = YES;
				GCC_WARN_ABOUT_RETURN_TYPE = YES_ERROR;
				GCC_WARN_UNDECLARED_SELECTOR = YES;
				GCC_WARN_UNINITIALIZED_AUTOS = YES_AGGRESSIVE;
				GCC_WARN_UNUSED_FUNCTION = YES;
				GCC_WARN_UNUSED_VARIABLE = YES;
				IPHONEOS_DEPLOYMENT_TARGET = 16.2;
				MTL_ENABLE_DEBUG_INFO = NO;
				MTL_FAST_MATH = YES;
				SDKROOT = iphoneos;
				SWIFT_COMPILATION_MODE = wholemodule;
				SWIFT_OPTIMIZATION_LEVEL = "-O";
				VALIDATE_PRODUCT = YES;
			};
			name = Release;
		};
		4C7AB86829F8CC9800E179FE /* Debug */ = {
			isa = XCBuildConfiguration;
			buildSettings = {
				ASSETCATALOG_COMPILER_APPICON_NAME = AppIcon;
				ASSETCATALOG_COMPILER_GLOBAL_ACCENT_COLOR_NAME = AccentColor;
				CODE_SIGN_STYLE = Automatic;
				CURRENT_PROJECT_VERSION = 1;
				DEVELOPMENT_ASSET_PATHS = "\"Final_Project/Preview Content\"";
				DEVELOPMENT_TEAM = MC7VA2QH56;
				ENABLE_PREVIEWS = YES;
				GENERATE_INFOPLIST_FILE = YES;
				INFOPLIST_KEY_UIApplicationSceneManifest_Generation = YES;
				INFOPLIST_KEY_UIApplicationSupportsIndirectInputEvents = YES;
				INFOPLIST_KEY_UILaunchScreen_Generation = YES;
				INFOPLIST_KEY_UISupportedInterfaceOrientations_iPad = "UIInterfaceOrientationPortrait UIInterfaceOrientationPortraitUpsideDown UIInterfaceOrientationLandscapeLeft UIInterfaceOrientationLandscapeRight";
				INFOPLIST_KEY_UISupportedInterfaceOrientations_iPhone = "UIInterfaceOrientationPortrait UIInterfaceOrientationLandscapeLeft UIInterfaceOrientationLandscapeRight";
				LD_RUNPATH_SEARCH_PATHS = (
					"$(inherited)",
					"@executable_path/Frameworks",
				);
				MARKETING_VERSION = 1.0;
				PRODUCT_BUNDLE_IDENTIFIER = "edu.auburn.onlinecsse.Final-Project";
				PRODUCT_NAME = "$(TARGET_NAME)";
				SWIFT_EMIT_LOC_STRINGS = YES;
				SWIFT_VERSION = 5.0;
				TARGETED_DEVICE_FAMILY = "1,2";
			};
			name = Debug;
		};
		4C7AB86929F8CC9800E179FE /* Release */ = {
			isa = XCBuildConfiguration;
			buildSettings = {
				ASSETCATALOG_COMPILER_APPICON_NAME = AppIcon;
				ASSETCATALOG_COMPILER_GLOBAL_ACCENT_COLOR_NAME = AccentColor;
				CODE_SIGN_STYLE = Automatic;
				CURRENT_PROJECT_VERSION = 1;
				DEVELOPMENT_ASSET_PATHS = "\"Final_Project/Preview Content\"";
				DEVELOPMENT_TEAM = MC7VA2QH56;
				ENABLE_PREVIEWS = YES;
				GENERATE_INFOPLIST_FILE = YES;
				INFOPLIST_KEY_UIApplicationSceneManifest_Generation = YES;
				INFOPLIST_KEY_UIApplicationSupportsIndirectInputEvents = YES;
				INFOPLIST_KEY_UILaunchScreen_Generation = YES;
				INFOPLIST_KEY_UISupportedInterfaceOrientations_iPad = "UIInterfaceOrientationPortrait UIInterfaceOrientationPortraitUpsideDown UIInterfaceOrientationLandscapeLeft UIInterfaceOrientationLandscapeRight";
				INFOPLIST_KEY_UISupportedInterfaceOrientations_iPhone = "UIInterfaceOrientationPortrait UIInterfaceOrientationLandscapeLeft UIInterfaceOrientationLandscapeRight";
				LD_RUNPATH_SEARCH_PATHS = (
					"$(inherited)",
					"@executable_path/Frameworks",
				);
				MARKETING_VERSION = 1.0;
				PRODUCT_BUNDLE_IDENTIFIER = "edu.auburn.onlinecsse.Final-Project";
				PRODUCT_NAME = "$(TARGET_NAME)";
				SWIFT_EMIT_LOC_STRINGS = YES;
				SWIFT_VERSION = 5.0;
				TARGETED_DEVICE_FAMILY = "1,2";
			};
			name = Release;
		};
/* End XCBuildConfiguration section */

/* Begin XCConfigurationList section */
		4C7AB85429F8CC9500E179FE /* Build configuration list for PBXProject "Final_Project" */ = {
			isa = XCConfigurationList;
			buildConfigurations = (
				4C7AB86529F8CC9800E179FE /* Debug */,
				4C7AB86629F8CC9800E179FE /* Release */,
			);
			defaultConfigurationIsVisible = 0;
			defaultConfigurationName = Release;
		};
		4C7AB86729F8CC9800E179FE /* Build configuration list for PBXNativeTarget "Final_Project" */ = {
			isa = XCConfigurationList;
			buildConfigurations = (
				4C7AB86829F8CC9800E179FE /* Debug */,
				4C7AB86929F8CC9800E179FE /* Release */,
			);
			defaultConfigurationIsVisible = 0;
			defaultConfigurationName = Release;
		};
/* End XCConfigurationList section */
	};
	rootObject = 4C7AB85129F8CC9500E179FE /* Project object */;
}
